{
  "name": "Project_Join",
  "lockfileVersion": 3,
  "requires": true,
  "packages": {
    "": {
      "dependencies": {
        "minami": "^1.2.3",
        "taffydb": "^2.7.3"
      }
    },
    "node_modules/minami": {
      "version": "1.2.3",
      "resolved": "https://registry.npmjs.org/minami/-/minami-1.2.3.tgz",
      "integrity": "sha512-3f2QqqbUC1usVux0FkQMFYB73yd9JIxmHSn1dWQacizL6hOUaNu6mA3KxZ9SfiCc4qgcgq+5XP59+hP7URa1Dw=="
    },
    "node_modules/taffydb": {
      "version": "2.7.3",
      "resolved": "https://registry.npmjs.org/taffydb/-/taffydb-2.7.3.tgz",
      "integrity": "sha512-GQ3gtYFSOAxSMN/apGtDKKkbJf+8izz5YfbGqIsUc7AMiQOapARZ76dhilRY2h39cynYxBFdafQo5HUL5vgkrg==",
      "license": "BSD-2-Clause"
    }
  }
}
